# @generated - this file is auto-generated by `mise lock` https://mise.jdx.dev/dev-tools/mise-lock.html

[[tools.helm]]
version = "4.2.3"
backend = "aqua:helm/helm"

[tools.helm."platforms.linux-arm64"]
checksum = "sha256:21abd9354d39b2cd79a8d76be6912cd137a983cbf997193503fb8a6a6e2f2785"
url = "https://get.helm.sh/helm-v4.2.3-linux-arm64.tar.gz"

[tools.helm."platforms.linux-x64"]
checksum = "sha256:e9b88b4ee95b18c706839c28d3a0220e5bc470e9cd9262410c90793c45ff8b7c"
url = "https://get.helm.sh/helm-v4.2.3-linux-amd64.tar.gz"

[[tools.k9s]]
version = "0.51.0"
backend = "aqua:derailed/k9s"

[tools.k9s."platforms.linux-arm64"]
checksum = "sha256:3ee05c82e5f9198928a4e86133608ba6a2c10a2244d6a7789e820f78319d640c"
url = "https://github.com/derailed/k9s/releases/download/v0.51.0/k9s_Linux_arm64.tar.gz"
url_api = "https://api.github.com/repos/derailed/k9s/releases/assets/440226045"

[tools.k9s."platforms.linux-x64"]
checksum = "sha256:c3752ad51a5a4015a113819c4eeb6e55a4d0e4b8e652494797532f6fc8161dd7"
url = "https://github.com/derailed/k9s/releases/download/v0.51.0/k9s_Linux_amd64.tar.gz"
url_api = "https://api.github.com/repos/derailed/k9s/releases/assets/440224321"

[[tools.kubectl]]
version = "1.36.3"
backend = "aqua:kubernetes/kubernetes/kubectl"

[tools.kubectl."platforms.linux-arm64"]
checksum = "sha256:3d86f24401c41ae5a46ac50eef8865fe891d3647d324a0836f6c63757a126e62"
url = "https://dl.k8s.io/v1.36.3/bin/linux/arm64/kubectl"

[tools.kubectl."platforms.linux-x64"]
checksum = "sha256:ebbd080e7c2e275093b55915722043257eb24004363e20acb3c4d71919f88336"
url = "https://dl.k8s.io/v1.36.3/bin/linux/amd64/kubectl"

[[tools.kubectx]]
version = "0.11.0"
backend = "aqua:ahmetb/kubectx"

[tools.kubectx."platforms.linux-arm64"]
checksum = "sha256:1dac2072216689e773325cb7587b858ea7415706ebcf04e23bf80e7e70555340"
url = "https://github.com/ahmetb/kubectx/releases/download/v0.11.0/kubectx_v0.11.0_linux_arm64.tar.gz"
url_api = "https://api.github.com/repos/ahmetb/kubectx/releases/assets/382590945"

[tools.kubectx."platforms.linux-x64"]
checksum = "sha256:08e031c54fbffb3f100e904e4eae94bba2730fedf4869921fda79e4d7a8f5d4c"
url = "https://github.com/ahmetb/kubectx/releases/download/v0.11.0/kubectx_v0.11.0_linux_x86_64.tar.gz"
url_api = "https://api.github.com/repos/ahmetb/kubectx/releases/assets/382590978"

[[tools.kubens]]
version = "0.11.0"
backend = "aqua:ahmetb/kubectx/kubens"

[tools.kubens."platforms.linux-arm64"]
checksum = "sha256:37058abe82ef20c93b44f3dc8ca2382dbb95d416cec958fbf7b8f79f011be86c"
url = "https://github.com/ahmetb/kubectx/releases/download/v0.11.0/kubens_v0.11.0_linux_arm64.tar.gz"
url_api = "https://api.github.com/repos/ahmetb/kubectx/releases/assets/382591002"

[tools.kubens."platforms.linux-x64"]
checksum = "sha256:326c021c7b35468ed9a187b361198d0f22ae32828139c65eb6670c0d8301cc09"
url = "https://github.com/ahmetb/kubectx/releases/download/v0.11.0/kubens_v0.11.0_linux_x86_64.tar.gz"
url_api = "https://api.github.com/repos/ahmetb/kubectx/releases/assets/382591017"
