# @generated - this file is auto-generated by `mise lock` https://mise.jdx.dev/dev-tools/mise-lock.html

[[tools."aqua:micro-editor/micro"]]
version = "2.0.15"
backend = "aqua:micro-editor/micro"

[tools."aqua:micro-editor/micro"."platforms.linux-arm64"]
checksum = "sha256:5ca127857bf5500be3879f1a70b27556e737a49da04a1be5334de9e8e8781ad9"
url = "https://github.com/micro-editor/micro/releases/download/v2.0.15/micro-2.0.15-linux-arm64.tar.gz"
url_api = "https://api.github.com/repos/micro-editor/micro/releases/assets/334842990"

[tools."aqua:micro-editor/micro"."platforms.linux-x64"]
checksum = "sha256:267d238eac1e26ed053d13d4d48bd421b87f9eb538b604f0b2f74a85598b6cc2"
url = "https://github.com/micro-editor/micro/releases/download/v2.0.15/micro-2.0.15-linux64-static.tar.gz"
url_api = "https://api.github.com/repos/micro-editor/micro/releases/assets/334842982"

[[tools."github:antonmedv/walk"]]
version = "1.13.0"
backend = "github:antonmedv/walk"

[tools."github:antonmedv/walk"."platforms.linux-arm64"]
url = "https://github.com/antonmedv/walk/releases/download/v1.13.0/walk_linux_arm64"
url_api = "https://api.github.com/repos/antonmedv/walk/releases/assets/230629208"

[tools."github:antonmedv/walk"."platforms.linux-x64"]
url = "https://github.com/antonmedv/walk/releases/download/v1.13.0/walk_linux_amd64"
url_api = "https://api.github.com/repos/antonmedv/walk/releases/assets/230629206"
