# @generated - this file is auto-generated by `mise lock` https://mise.jdx.dev/dev-tools/mise-lock.html

[[tools.java]]
version = "sapmachine-25.0.4.1"
backend = "core:java"

[tools.java."platforms.linux-arm64"]
checksum = "sha256:43778f142f87694f235d3a46f32cd36999b697918db5f53ae549194177177d44"
url = "https://github.com/SAP/SapMachine/releases/download/sapmachine-25.0.4.1/sapmachine-jdk-25.0.4.1_linux-aarch64_bin.tar.gz"

[tools.java."platforms.linux-x64"]
checksum = "sha256:d637b0e791f59af16f3a48ccb1e509c37cded76d8cc2c0aaf9045c13351142a3"
url = "https://github.com/SAP/SapMachine/releases/download/sapmachine-25.0.4.1/sapmachine-jdk-25.0.4.1_linux-x64_bin.tar.gz"

[[tools.opentofu]]
version = "1.10.6"
backend = "aqua:opentofu/opentofu"

[tools.opentofu."platforms.linux-arm64"]
checksum = "sha256:b2cac25defd5009d644daaadb05f9b9bdc2b4a544d6d7eb05ea41487e0d6c0c3"
url = "https://github.com/opentofu/opentofu/releases/download/v1.10.6/tofu_1.10.6_linux_arm64.tar.gz"
url_api = "https://api.github.com/repos/opentofu/opentofu/releases/assets/289301292"

[tools.opentofu."platforms.linux-x64"]
checksum = "sha256:b6b46b4fd8dd0b96e624f2a2d5fbc4efae2fc0174529b37292775c847c2e7d2c"
url = "https://github.com/opentofu/opentofu/releases/download/v1.10.6/tofu_1.10.6_linux_amd64.tar.gz"
url_api = "https://api.github.com/repos/opentofu/opentofu/releases/assets/289301308"
