# @generated - this file is auto-generated by `mise lock` https://mise.jdx.dev/dev-tools/mise-lock.html

[[tools."npm:@anthropic-ai/claude-code"]]
version = "2.1.266"
backend = "npm:@anthropic-ai/claude-code"

[[tools."npm:@fission-ai/openspec"]]
version = "1.12.0"
backend = "npm:@fission-ai/openspec"

[[tools."npm:@openai/codex"]]
version = "0.153.4"
backend = "npm:@openai/codex"
