# @generated - this file is auto-generated by `mise lock` https://mise.jdx.dev/dev-tools/mise-lock.html

[[tools."github:iBotPeaches/Apktool"]]
version = "3.0.3"
backend = "github:iBotPeaches/Apktool"

[tools."github:iBotPeaches/Apktool"."platforms.linux-arm64"]
checksum = "sha256:dbf930b076c6b9be08d57c449cacefc3bdd6b71ebd59b3066fc0e1f5b14f9423"
url = "https://github.com/iBotPeaches/Apktool/releases/download/v3.0.3/apktool_3.0.3.jar"
url_api = "https://api.github.com/repos/iBotPeaches/Apktool/releases/assets/483349654"
provenance = "github-attestations"

[tools."github:iBotPeaches/Apktool"."platforms.linux-x64"]
checksum = "sha256:dbf930b076c6b9be08d57c449cacefc3bdd6b71ebd59b3066fc0e1f5b14f9423"
url = "https://github.com/iBotPeaches/Apktool/releases/download/v3.0.3/apktool_3.0.3.jar"
url_api = "https://api.github.com/repos/iBotPeaches/Apktool/releases/assets/483349654"
provenance = "github-attestations"
provenance_verified = true

[[tools."github:skylot/jadx"]]
version = "1.5.6"
backend = "github:skylot/jadx"

[tools."github:skylot/jadx"."platforms.linux-arm64"]
checksum = "sha256:545ea2be9c242511bc145755cf4bda2485ade42966e096f8b4d3da2a230e8974"
url = "https://github.com/skylot/jadx/releases/download/v1.5.6/jadx-1.5.6.zip"
url_api = "https://api.github.com/repos/skylot/jadx/releases/assets/472797042"

[tools."github:skylot/jadx"."platforms.linux-x64"]
checksum = "sha256:545ea2be9c242511bc145755cf4bda2485ade42966e096f8b4d3da2a230e8974"
url = "https://github.com/skylot/jadx/releases/download/v1.5.6/jadx-1.5.6.zip"
url_api = "https://api.github.com/repos/skylot/jadx/releases/assets/472797042"

[[tools."http:android-sdk"]]
version = "22.0"
backend = "http:android-sdk"

[tools."http:android-sdk"."platforms.linux-arm64"]
checksum = "sha256:4e4c464f145a7512b57d088ac6c278c03c9eea610886b35a5e0804e74eedf583"
url = "https://dl.google.com/android/repository/commandlinetools-linux-15859902_latest.zip"

[tools."http:android-sdk"."platforms.linux-x64"]
checksum = "sha256:4e4c464f145a7512b57d088ac6c278c03c9eea610886b35a5e0804e74eedf583"
url = "https://dl.google.com/android/repository/commandlinetools-linux-15859902_latest.zip"

[[tools."pipx:mitmproxy"]]
version = "12.2.3"
backend = "pipx:mitmproxy"
